
Microsoft Visual Studio Solution File, Format Version 12.00
# Visual Studio Version 16
VisualStudioVersion = 16.0.32126.315
MinimumVisualStudioVersion = 10.0.40219.1
Project("{FAE04EC0-301F-11D3-BF4B-00C04F79EFBC}") = "Codurance-Pair-Session", "Codurance-Pair-Session\Codurance-Pair-Session.csproj", "{425EE6E2-1ACF-4EB0-AC5D-7B5AF6420658}"
EndProject
Project("{FAE04EC0-301F-11D3-BF4B-00C04F79EFBC}") = "Codurance-Pair-Session.Library", "Codurance-Pair-Session.Library\Codurance-Pair-Session.Library.csproj", "{BC3564DF-806D-4FAA-A68B-FA87B3FFD7D6}"
EndProject
Project("{FAE04EC0-301F-11D3-BF4B-00C04F79EFBC}") = "Codurance-Pair-Session.Test", "Codurance-Pair-Session.Test\Codurance-Pair-Session.Test.csproj", "{65F6FF8F-2D75-4FCF-B212-D67030BAE5C7}"
EndProject
Global
	GlobalSection(SolutionConfigurationPlatforms) = preSolution
		Debug|Any CPU = Debug|Any CPU
		Release|Any CPU = Release|Any CPU
	EndGlobalSection
	GlobalSection(ProjectConfigurationPlatforms) = postSolution
		{425EE6E2-1ACF-4EB0-AC5D-7B5AF6420658}.Debug|Any CPU.ActiveCfg = Debug|Any CPU
		{425EE6E2-1ACF-4EB0-AC5D-7B5AF6420658}.Debug|Any CPU.Build.0 = Debug|Any CPU
		{425EE6E2-1ACF-4EB0-AC5D-7B5AF6420658}.Release|Any CPU.ActiveCfg = Release|Any CPU
		{425EE6E2-1ACF-4EB0-AC5D-7B5AF6420658}.Release|Any CPU.Build.0 = Release|Any CPU
		{BC3564DF-806D-4FAA-A68B-FA87B3FFD7D6}.Debug|Any CPU.ActiveCfg = Debug|Any CPU
		{BC3564DF-806D-4FAA-A68B-FA87B3FFD7D6}.Debug|Any CPU.Build.0 = Debug|Any CPU
		{BC3564DF-806D-4FAA-A68B-FA87B3FFD7D6}.Release|Any CPU.ActiveCfg = Release|Any CPU
		{BC3564DF-806D-4FAA-A68B-FA87B3FFD7D6}.Release|Any CPU.Build.0 = Release|Any CPU
		{65F6FF8F-2D75-4FCF-B212-D67030BAE5C7}.Debug|Any CPU.ActiveCfg = Debug|Any CPU
		{65F6FF8F-2D75-4FCF-B212-D67030BAE5C7}.Debug|Any CPU.Build.0 = Debug|Any CPU
		{65F6FF8F-2D75-4FCF-B212-D67030BAE5C7}.Release|Any CPU.ActiveCfg = Release|Any CPU
		{65F6FF8F-2D75-4FCF-B212-D67030BAE5C7}.Release|Any CPU.Build.0 = Release|Any CPU
	EndGlobalSection
	GlobalSection(SolutionProperties) = preSolution
		HideSolutionNode = FALSE
	EndGlobalSection
	GlobalSection(ExtensibilityGlobals) = postSolution
		SolutionGuid = {2A8529B0-27E9-44C3-B699-11014A1E89DE}
	EndGlobalSection
EndGlobal
